// !$*UTF8*$!
{
	archiveVersion = 1;
	classes = {
	};
	objectVersion = 50;
	objects = {

/* Begin PBXBuildFile section */
		EF19EC8721E3171C00D0CD40 /* VPN.swift in Sources */ = {isa = PBXBuildFile; fileRef = EF19EC8621E3171C00D0CD40 /* VPN.swift */; };
		EF2DCD6A21E07A8500502848 /* AppDelegate.swift in Sources */ = {isa = PBXBuildFile; fileRef = EF2DCD6921E07A8500502848 /* AppDelegate.swift */; };
		EF2DCD6E21E07A8600502848 /* Assets.xcassets in Resources */ = {isa = PBXBuildFile; fileRef = EF2DCD6D21E07A8600502848 /* Assets.xcassets */; };
		EF2DCD7121E07A8600502848 /* Main.storyboard in Resources */ = {isa = PBXBuildFile; fileRef = EF2DCD6F21E07A8600502848 /* Main.storyboard */; };
		EF2DCD7D21E07A8600502848 /* GoVPNTests.swift in Sources */ = {isa = PBXBuildFile; fileRef = EF2DCD7C21E07A8600502848 /* GoVPNTests.swift */; };
		EF2DCD8821E07A8600502848 /* GoVPNUITests.swift in Sources */ = {isa = PBXBuildFile; fileRef = EF2DCD8721E07A8600502848 /* GoVPNUITests.swift */; };
		EF2DCD9721E0BCD100502848 /* VPNConfigParser.swift in Sources */ = {isa = PBXBuildFile; fileRef = EF2DCD9621E0BCD100502848 /* VPNConfigParser.swift */; };
		EF2DCD9A21E0DB1F00502848 /* ConnectVPN.scpt in Resources */ = {isa = PBXBuildFile; fileRef = EF2DCD9821E0DA9000502848 /* ConnectVPN.scpt */; };
		EF2DCD9F21E0F06E00502848 /* ScriptGenerator.swift in Sources */ = {isa = PBXBuildFile; fileRef = EF2DCD9E21E0F06E00502848 /* ScriptGenerator.swift */; };
		EF2DCDA121E0F5B200502848 /* Shell.swift in Sources */ = {isa = PBXBuildFile; fileRef = EF2DCDA021E0F5B200502848 /* Shell.swift */; };
		EF2DCDA321E104FD00502848 /* Preferences.storyboard in Resources */ = {isa = PBXBuildFile; fileRef = EF2DCDA221E104FD00502848 /* Preferences.storyboard */; };
		EF2DCDA521E1057E00502848 /* PreferencesWindow.swift in Sources */ = {isa = PBXBuildFile; fileRef = EF2DCDA421E1057E00502848 /* PreferencesWindow.swift */; };
		EF2DCDA721E1059B00502848 /* PreferencesViewController.swift in Sources */ = {isa = PBXBuildFile; fileRef = EF2DCDA621E1059B00502848 /* PreferencesViewController.swift */; };
		EF6ACB1323F587CE00121143 /* VPNService.swift in Sources */ = {isa = PBXBuildFile; fileRef = EF6ACB1223F587CE00121143 /* VPNService.swift */; };
		EF6ACB1623F5890700121143 /* NetworkExtension.framework in Frameworks */ = {isa = PBXBuildFile; fileRef = EF6ACB1523F5890700121143 /* NetworkExtension.framework */; };
		EF6ACB1823F58A4800121143 /* SystemConfiguration.framework in Frameworks */ = {isa = PBXBuildFile; fileRef = EF6ACB1723F58A4800121143 /* SystemConfiguration.framework */; };
		EF6ACB1F23F5A25E00121143 /* VPNServicesManager.swift in Sources */ = {isa = PBXBuildFile; fileRef = EF6ACB1E23F5A25E00121143 /* VPNServicesManager.swift */; };
		EF70E3E323F6317F0063B62C /* NEServiceManagerTests.swift in Sources */ = {isa = PBXBuildFile; fileRef = EF70E3E223F6317F0063B62C /* NEServiceManagerTests.swift */; };
/* End PBXBuildFile section */

/* Begin PBXContainerItemProxy section */
		EF2DCD7921E07A8600502848 /* PBXContainerItemProxy */ = {
			isa = PBXContainerItemProxy;
			containerPortal = EF2DCD5E21E07A8500502848 /* Project object */;
			proxyType = 1;
			remoteGlobalIDString = EF2DCD6521E07A8500502848;
			remoteInfo = GoVPN;
		};
		EF2DCD8421E07A8600502848 /* PBXContainerItemProxy */ = {
			isa = PBXContainerItemProxy;
			containerPortal = EF2DCD5E21E07A8500502848 /* Project object */;
			proxyType = 1;
			remoteGlobalIDString = EF2DCD6521E07A8500502848;
			remoteInfo = GoVPN;
		};
/* End PBXContainerItemProxy section */

/* Begin PBXFileReference section */
		EF19EC8621E3171C00D0CD40 /* VPN.swift */ = {isa = PBXFileReference; lastKnownFileType = sourcecode.swift; path = VPN.swift; sourceTree = "<group>"; };
		EF2DCD6621E07A8500502848 /* GoVPN.app */ = {isa = PBXFileReference; explicitFileType = wrapper.application; includeInIndex = 0; path = GoVPN.app; sourceTree = BUILT_PRODUCTS_DIR; };
		EF2DCD6921E07A8500502848 /* AppDelegate.swift */ = {isa = PBXFileReference; lastKnownFileType = sourcecode.swift; path = AppDelegate.swift; sourceTree = "<group>"; };
		EF2DCD6D21E07A8600502848 /* Assets.xcassets */ = {isa = PBXFileReference; lastKnownFileType = folder.assetcatalog; path = Assets.xcassets; sourceTree = "<group>"; };
		EF2DCD7021E07A8600502848 /* Base */ = {isa = PBXFileReference; lastKnownFileType = file.storyboard; name = Base; path = Base.lproj/Main.storyboard; sourceTree = "<group>"; };
		EF2DCD7221E07A8600502848 /* Info.plist */ = {isa = PBXFileReference; lastKnownFileType = text.plist.xml; path = Info.plist; sourceTree = "<group>"; };
		EF2DCD7321E07A8600502848 /* GoVPN.entitlements */ = {isa = PBXFileReference; lastKnownFileType = text.plist.entitlements; path = GoVPN.entitlements; sourceTree = "<group>"; };
		EF2DCD7821E07A8600502848 /* GoVPNTests.xctest */ = {isa = PBXFileReference; explicitFileType = wrapper.cfbundle; includeInIndex = 0; path = GoVPNTests.xctest; sourceTree = BUILT_PRODUCTS_DIR; };
		EF2DCD7C21E07A8600502848 /* GoVPNTests.swift */ = {isa = PBXFileReference; lastKnownFileType = sourcecode.swift; path = GoVPNTests.swift; sourceTree = "<group>"; };
		EF2DCD7E21E07A8600502848 /* Info.plist */ = {isa = PBXFileReference; lastKnownFileType = text.plist.xml; path = Info.plist; sourceTree = "<group>"; };
		EF2DCD8321E07A8600502848 /* GoVPNUITests.xctest */ = {isa = PBXFileReference; explicitFileType = wrapper.cfbundle; includeInIndex = 0; path = GoVPNUITests.xctest; sourceTree = BUILT_PRODUCTS_DIR; };
		EF2DCD8721E07A8600502848 /* GoVPNUITests.swift */ = {isa = PBXFileReference; lastKnownFileType = sourcecode.swift; path = GoVPNUITests.swift; sourceTree = "<group>"; };
		EF2DCD8921E07A8600502848 /* Info.plist */ = {isa = PBXFileReference; lastKnownFileType = text.plist.xml; path = Info.plist; sourceTree = "<group>"; };
		EF2DCD9621E0BCD100502848 /* VPNConfigParser.swift */ = {isa = PBXFileReference; lastKnownFileType = sourcecode.swift; path = VPNConfigParser.swift; sourceTree = "<group>"; };
		EF2DCD9821E0DA9000502848 /* ConnectVPN.scpt */ = {isa = PBXFileReference; lastKnownFileType = text; path = ConnectVPN.scpt; sourceTree = "<group>"; };
		EF2DCD9E21E0F06E00502848 /* ScriptGenerator.swift */ = {isa = PBXFileReference; lastKnownFileType = sourcecode.swift; path = ScriptGenerator.swift; sourceTree = "<group>"; };
		EF2DCDA021E0F5B200502848 /* Shell.swift */ = {isa = PBXFileReference; lastKnownFileType = sourcecode.swift; path = Shell.swift; sourceTree = "<group>"; };
		EF2DCDA221E104FD00502848 /* Preferences.storyboard */ = {isa = PBXFileReference; lastKnownFileType = file.storyboard; path = Preferences.storyboard; sourceTree = "<group>"; };
		EF2DCDA421E1057E00502848 /* PreferencesWindow.swift */ = {isa = PBXFileReference; lastKnownFileType = sourcecode.swift; path = PreferencesWindow.swift; sourceTree = "<group>"; };
		EF2DCDA621E1059B00502848 /* PreferencesViewController.swift */ = {isa = PBXFileReference; lastKnownFileType = sourcecode.swift; path = PreferencesViewController.swift; sourceTree = "<group>"; };
		EF6ACB1223F587CE00121143 /* VPNService.swift */ = {isa = PBXFileReference; lastKnownFileType = sourcecode.swift; path = VPNService.swift; sourceTree = "<group>"; };
		EF6ACB1523F5890700121143 /* NetworkExtension.framework */ = {isa = PBXFileReference; lastKnownFileType = wrapper.framework; name = NetworkExtension.framework; path = System/Library/Frameworks/NetworkExtension.framework; sourceTree = SDKROOT; };
		EF6ACB1723F58A4800121143 /* SystemConfiguration.framework */ = {isa = PBXFileReference; lastKnownFileType = wrapper.framework; name = SystemConfiguration.framework; path = System/Library/Frameworks/SystemConfiguration.framework; sourceTree = SDKROOT; };
		EF6ACB1A23F591A800121143 /* GoVPN-Bridging-Header.h */ = {isa = PBXFileReference; lastKnownFileType = sourcecode.c.h; path = "GoVPN-Bridging-Header.h"; sourceTree = "<group>"; };
		EF6ACB1E23F5A25E00121143 /* VPNServicesManager.swift */ = {isa = PBXFileReference; lastKnownFileType = sourcecode.swift; path = VPNServicesManager.swift; sourceTree = "<group>"; };
		EF70E3E223F6317F0063B62C /* NEServiceManagerTests.swift */ = {isa = PBXFileReference; lastKnownFileType = sourcecode.swift; path = NEServiceManagerTests.swift; sourceTree = "<group>"; };
/* End PBXFileReference section */

/* Begin PBXFrameworksBuildPhase section */
		EF2DCD6321E07A8500502848 /* Frameworks */ = {
			isa = PBXFrameworksBuildPhase;
			buildActionMask = 2147483647;
			files = (
				EF6ACB1823F58A4800121143 /* SystemConfiguration.framework in Frameworks */,
				EF6ACB1623F5890700121143 /* NetworkExtension.framework in Frameworks */,
			);
			runOnlyForDeploymentPostprocessing = 0;
		};
		EF2DCD7521E07A8600502848 /* Frameworks */ = {
			isa = PBXFrameworksBuildPhase;
			buildActionMask = 2147483647;
			files = (
			);
			runOnlyForDeploymentPostprocessing = 0;
		};
		EF2DCD8021E07A8600502848 /* Frameworks */ = {
			isa = PBXFrameworksBuildPhase;
			buildActionMask = 2147483647;
			files = (
			);
			runOnlyForDeploymentPostprocessing = 0;
		};
/* End PBXFrameworksBuildPhase section */

/* Begin PBXGroup section */
		EF19EC8521E3170200D0CD40 /* Models */ = {
			isa = PBXGroup;
			children = (
				EF19EC8621E3171C00D0CD40 /* VPN.swift */,
			);
			path = Models;
			sourceTree = "<group>";
		};
		EF2DCD5D21E07A8500502848 = {
			isa = PBXGroup;
			children = (
				EF2DCD6821E07A8500502848 /* GoVPN */,
				EF2DCD7B21E07A8600502848 /* GoVPNTests */,
				EF2DCD8621E07A8600502848 /* GoVPNUITests */,
				EF2DCD6721E07A8500502848 /* Products */,
				EF6ACB1423F5890700121143 /* Frameworks */,
				EF6ACB1A23F591A800121143 /* GoVPN-Bridging-Header.h */,
			);
			sourceTree = "<group>";
		};
		EF2DCD6721E07A8500502848 /* Products */ = {
			isa = PBXGroup;
			children = (
				EF2DCD6621E07A8500502848 /* GoVPN.app */,
				EF2DCD7821E07A8600502848 /* GoVPNTests.xctest */,
				EF2DCD8321E07A8600502848 /* GoVPNUITests.xctest */,
			);
			name = Products;
			sourceTree = "<group>";
		};
		EF2DCD6821E07A8500502848 /* GoVPN */ = {
			isa = PBXGroup;
			children = (
				EF6ACB1123F587B500121143 /* Common */,
				EF19EC8521E3170200D0CD40 /* Models */,
				EF2DCD9B21E0DE4800502848 /* Resources */,
				EF2DCD6921E07A8500502848 /* AppDelegate.swift */,
				EF2DCD9621E0BCD100502848 /* VPNConfigParser.swift */,
				EF2DCD9E21E0F06E00502848 /* ScriptGenerator.swift */,
				EF2DCDA021E0F5B200502848 /* Shell.swift */,
				EF2DCD6D21E07A8600502848 /* Assets.xcassets */,
				EF2DCD6F21E07A8600502848 /* Main.storyboard */,
				EF2DCD7221E07A8600502848 /* Info.plist */,
				EF2DCD7321E07A8600502848 /* GoVPN.entitlements */,
				EF2DCDA221E104FD00502848 /* Preferences.storyboard */,
				EF2DCDA421E1057E00502848 /* PreferencesWindow.swift */,
				EF2DCDA621E1059B00502848 /* PreferencesViewController.swift */,
			);
			path = GoVPN;
			sourceTree = "<group>";
		};
		EF2DCD7B21E07A8600502848 /* GoVPNTests */ = {
			isa = PBXGroup;
			children = (
				EF2DCD7C21E07A8600502848 /* GoVPNTests.swift */,
				EF2DCD7E21E07A8600502848 /* Info.plist */,
				EF70E3E223F6317F0063B62C /* NEServiceManagerTests.swift */,
			);
			path = GoVPNTests;
			sourceTree = "<group>";
		};
		EF2DCD8621E07A8600502848 /* GoVPNUITests */ = {
			isa = PBXGroup;
			children = (
				EF2DCD8721E07A8600502848 /* GoVPNUITests.swift */,
				EF2DCD8921E07A8600502848 /* Info.plist */,
			);
			path = GoVPNUITests;
			sourceTree = "<group>";
		};
		EF2DCD9B21E0DE4800502848 /* Resources */ = {
			isa = PBXGroup;
			children = (
				EF2DCD9821E0DA9000502848 /* ConnectVPN.scpt */,
			);
			path = Resources;
			sourceTree = "<group>";
		};
		EF6ACB1123F587B500121143 /* Common */ = {
			isa = PBXGroup;
			children = (
				EF6ACB1223F587CE00121143 /* VPNService.swift */,
				EF6ACB1E23F5A25E00121143 /* VPNServicesManager.swift */,
			);
			path = Common;
			sourceTree = "<group>";
		};
		EF6ACB1423F5890700121143 /* Frameworks */ = {
			isa = PBXGroup;
			children = (
				EF6ACB1723F58A4800121143 /* SystemConfiguration.framework */,
				EF6ACB1523F5890700121143 /* NetworkExtension.framework */,
			);
			name = Frameworks;
			sourceTree = "<group>";
		};
/* End PBXGroup section */

/* Begin PBXNativeTarget section */
		EF2DCD6521E07A8500502848 /* GoVPN */ = {
			isa = PBXNativeTarget;
			buildConfigurationList = EF2DCD8C21E07A8600502848 /* Build configuration list for PBXNativeTarget "GoVPN" */;
			buildPhases = (
				EF2DCD6221E07A8500502848 /* Sources */,
				EF2DCD6321E07A8500502848 /* Frameworks */,
				EF2DCD6421E07A8500502848 /* Resources */,
			);
			buildRules = (
			);
			dependencies = (
			);
			name = GoVPN;
			productName = GoVPN;
			productReference = EF2DCD6621E07A8500502848 /* GoVPN.app */;
			productType = "com.apple.product-type.application";
		};
		EF2DCD7721E07A8600502848 /* GoVPNTests */ = {
			isa = PBXNativeTarget;
			buildConfigurationList = EF2DCD8F21E07A8600502848 /* Build configuration list for PBXNativeTarget "GoVPNTests" */;
			buildPhases = (
				EF2DCD7421E07A8600502848 /* Sources */,
				EF2DCD7521E07A8600502848 /* Frameworks */,
				EF2DCD7621E07A8600502848 /* Resources */,
			);
			buildRules = (
			);
			dependencies = (
				EF2DCD7A21E07A8600502848 /* PBXTargetDependency */,
			);
			name = GoVPNTests;
			productName = GoVPNTests;
			productReference = EF2DCD7821E07A8600502848 /* GoVPNTests.xctest */;
			productType = "com.apple.product-type.bundle.unit-test";
		};
		EF2DCD8221E07A8600502848 /* GoVPNUITests */ = {
			isa = PBXNativeTarget;
			buildConfigurationList = EF2DCD9221E07A8600502848 /* Build configuration list for PBXNativeTarget "GoVPNUITests" */;
			buildPhases = (
				EF2DCD7F21E07A8600502848 /* Sources */,
				EF2DCD8021E07A8600502848 /* Frameworks */,
				EF2DCD8121E07A8600502848 /* Resources */,
			);
			buildRules = (
			);
			dependencies = (
				EF2DCD8521E07A8600502848 /* PBXTargetDependency */,
			);
			name = GoVPNUITests;
			productName = GoVPNUITests;
			productReference = EF2DCD8321E07A8600502848 /* GoVPNUITests.xctest */;
			productType = "com.apple.product-type.bundle.ui-testing";
		};
/* End PBXNativeTarget section */

/* Begin PBXProject section */
		EF2DCD5E21E07A8500502848 /* Project object */ = {
			isa = PBXProject;
			attributes = {
				LastSwiftUpdateCheck = 1010;
				LastUpgradeCheck = 1010;
				ORGANIZATIONNAME = "Colin Harris";
				TargetAttributes = {
					EF2DCD6521E07A8500502848 = {
						CreatedOnToolsVersion = 10.1;
						LastSwiftMigration = 1120;
						SystemCapabilities = {
							com.apple.Sandbox = {
								enabled = 0;
							};
						};
					};
					EF2DCD7721E07A8600502848 = {
						CreatedOnToolsVersion = 10.1;
						TestTargetID = EF2DCD6521E07A8500502848;
					};
					EF2DCD8221E07A8600502848 = {
						CreatedOnToolsVersion = 10.1;
						TestTargetID = EF2DCD6521E07A8500502848;
					};
				};
			};
			buildConfigurationList = EF2DCD6121E07A8500502848 /* Build configuration list for PBXProject "GoVPN" */;
			compatibilityVersion = "Xcode 9.3";
			developmentRegion = en;
			hasScannedForEncodings = 0;
			knownRegions = (
				en,
				Base,
			);
			mainGroup = EF2DCD5D21E07A8500502848;
			productRefGroup = EF2DCD6721E07A8500502848 /* Products */;
			projectDirPath = "";
			projectRoot = "";
			targets = (
				EF2DCD6521E07A8500502848 /* GoVPN */,
				EF2DCD7721E07A8600502848 /* GoVPNTests */,
				EF2DCD8221E07A8600502848 /* GoVPNUITests */,
			);
		};
/* End PBXProject section */

/* Begin PBXResourcesBuildPhase section */
		EF2DCD6421E07A8500502848 /* Resources */ = {
			isa = PBXResourcesBuildPhase;
			buildActionMask = 2147483647;
			files = (
				EF2DCD9A21E0DB1F00502848 /* ConnectVPN.scpt in Resources */,
				EF2DCD6E21E07A8600502848 /* Assets.xcassets in Resources */,
				EF2DCD7121E07A8600502848 /* Main.storyboard in Resources */,
				EF2DCDA321E104FD00502848 /* Preferences.storyboard in Resources */,
			);
			runOnlyForDeploymentPostprocessing = 0;
		};
		EF2DCD7621E07A8600502848 /* Resources */ = {
			isa = PBXResourcesBuildPhase;
			buildActionMask = 2147483647;
			files = (
			);
			runOnlyForDeploymentPostprocessing = 0;
		};
		EF2DCD8121E07A8600502848 /* Resources */ = {
			isa = PBXResourcesBuildPhase;
			buildActionMask = 2147483647;
			files = (
			);
			runOnlyForDeploymentPostprocessing = 0;
		};
/* End PBXResourcesBuildPhase section */

/* Begin PBXSourcesBuildPhase section */
		EF2DCD6221E07A8500502848 /* Sources */ = {
			isa = PBXSourcesBuildPhase;
			buildActionMask = 2147483647;
			files = (
				EF19EC8721E3171C00D0CD40 /* VPN.swift in Sources */,
				EF2DCD9F21E0F06E00502848 /* ScriptGenerator.swift in Sources */,
				EF2DCD9721E0BCD100502848 /* VPNConfigParser.swift in Sources */,
				EF2DCDA121E0F5B200502848 /* Shell.swift in Sources */,
				EF2DCDA521E1057E00502848 /* PreferencesWindow.swift in Sources */,
				EF2DCDA721E1059B00502848 /* PreferencesViewController.swift in Sources */,
				EF6ACB1F23F5A25E00121143 /* VPNServicesManager.swift in Sources */,
				EF6ACB1323F587CE00121143 /* VPNService.swift in Sources */,
				EF2DCD6A21E07A8500502848 /* AppDelegate.swift in Sources */,
			);
			runOnlyForDeploymentPostprocessing = 0;
		};
		EF2DCD7421E07A8600502848 /* Sources */ = {
			isa = PBXSourcesBuildPhase;
			buildActionMask = 2147483647;
			files = (
				EF70E3E323F6317F0063B62C /* NEServiceManagerTests.swift in Sources */,
				EF2DCD7D21E07A8600502848 /* GoVPNTests.swift in Sources */,
			);
			runOnlyForDeploymentPostprocessing = 0;
		};
		EF2DCD7F21E07A8600502848 /* Sources */ = {
			isa = PBXSourcesBuildPhase;
			buildActionMask = 2147483647;
			files = (
				EF2DCD8821E07A8600502848 /* GoVPNUITests.swift in Sources */,
			);
			runOnlyForDeploymentPostprocessing = 0;
		};
/* End PBXSourcesBuildPhase section */

/* Begin PBXTargetDependency section */
		EF2DCD7A21E07A8600502848 /* PBXTargetDependency */ = {
			isa = PBXTargetDependency;
			target = EF2DCD6521E07A8500502848 /* GoVPN */;
			targetProxy = EF2DCD7921E07A8600502848 /* PBXContainerItemProxy */;
		};
		EF2DCD8521E07A8600502848 /* PBXTargetDependency */ = {
			isa = PBXTargetDependency;
			target = EF2DCD6521E07A8500502848 /* GoVPN */;
			targetProxy = EF2DCD8421E07A8600502848 /* PBXContainerItemProxy */;
		};
/* End PBXTargetDependency section */

/* Begin PBXVariantGroup section */
		EF2DCD6F21E07A8600502848 /* Main.storyboard */ = {
			isa = PBXVariantGroup;
			children = (
				EF2DCD7021E07A8600502848 /* Base */,
			);
			name = Main.storyboard;
			sourceTree = "<group>";
		};
/* End PBXVariantGroup section */

/* Begin XCBuildConfiguration section */
		EF2DCD8A21E07A8600502848 /* Debug */ = {
			isa = XCBuildConfiguration;
			buildSettings = {
				ALWAYS_SEARCH_USER_PATHS = NO;
				CLANG_ANALYZER_NONNULL = YES;
				CLANG_ANALYZER_NUMBER_OBJECT_CONVERSION = YES_AGGRESSIVE;
				CLANG_CXX_LANGUAGE_STANDARD = "gnu++14";
				CLANG_CXX_LIBRARY = "libc++";
				CLANG_ENABLE_MODULES = YES;
				CLANG_ENABLE_OBJC_ARC = YES;
				CLANG_ENABLE_OBJC_WEAK = YES;
				CLANG_WARN_BLOCK_CAPTURE_AUTORELEASING = YES;
				CLANG_WARN_BOOL_CONVERSION = YES;
				CLANG_WARN_COMMA = YES;
				CLANG_WARN_CONSTANT_CONVERSION = YES;
				CLANG_WARN_DEPRECATED_OBJC_IMPLEMENTATIONS = YES;
				CLANG_WARN_DIRECT_OBJC_ISA_USAGE = YES_ERROR;
				CLANG_WARN_DOCUMENTATION_COMMENTS = YES;
				CLANG_WARN_EMPTY_BODY = YES;
				CLANG_WARN_ENUM_CONVERSION = YES;
				CLANG_WARN_INFINITE_RECURSION = YES;
				CLANG_WARN_INT_CONVERSION = YES;
				CLANG_WARN_NON_LITERAL_NULL_CONVERSION = YES;
				CLANG_WARN_OBJC_IMPLICIT_RETAIN_SELF = YES;
				CLANG_WARN_OBJC_LITERAL_CONVERSION = YES;
				CLANG_WARN_OBJC_ROOT_CLASS = YES_ERROR;
				CLANG_WARN_RANGE_LOOP_ANALYSIS = YES;
				CLANG_WARN_STRICT_PROTOTYPES = YES;
				CLANG_WARN_SUSPICIOUS_MOVE = YES;
				CLANG_WARN_UNGUARDED_AVAILABILITY = YES_AGGRESSIVE;
				CLANG_WARN_UNREACHABLE_CODE = YES;
				CLANG_WARN__DUPLICATE_METHOD_MATCH = YES;
				CODE_SIGN_IDENTITY = "Mac Developer";
				COPY_PHASE_STRIP = NO;
				DEBUG_INFORMATION_FORMAT = dwarf;
				ENABLE_STRICT_OBJC_MSGSEND = YES;
				ENABLE_TESTABILITY = YES;
				GCC_C_LANGUAGE_STANDARD = gnu11;
				GCC_DYNAMIC_NO_PIC = NO;
				GCC_NO_COMMON_BLOCKS = YES;
				GCC_OPTIMIZATION_LEVEL = 0;
				GCC_PREPROCESSOR_DEFINITIONS = (
					"DEBUG=1",
					"$(inherited)",
				);
				GCC_WARN_64_TO_32_BIT_CONVERSION = YES;
				GCC_WARN_ABOUT_RETURN_TYPE = YES_ERROR;
				GCC_WARN_UNDECLARED_SELECTOR = YES;
				GCC_WARN_UNINITIALIZED_AUTOS = YES_AGGRESSIVE;
				GCC_WARN_UNUSED_FUNCTION = YES;
				GCC_WARN_UNUSED_VARIABLE = YES;
				MACOSX_DEPLOYMENT_TARGET = 10.12;
				MTL_ENABLE_DEBUG_INFO = INCLUDE_SOURCE;
				MTL_FAST_MATH = YES;
				ONLY_ACTIVE_ARCH = YES;
				SDKROOT = macosx;
				SWIFT_ACTIVE_COMPILATION_CONDITIONS = DEBUG;
				SWIFT_OPTIMIZATION_LEVEL = "-Onone";
			};
			name = Debug;
		};
		EF2DCD8B21E07A8600502848 /* Release */ = {
			isa = XCBuildConfiguration;
			buildSettings = {
				ALWAYS_SEARCH_USER_PATHS = NO;
				CLANG_ANALYZER_NONNULL = YES;
				CLANG_ANALYZER_NUMBER_OBJECT_CONVERSION = YES_AGGRESSIVE;
				CLANG_CXX_LANGUAGE_STANDARD = "gnu++14";
				CLANG_CXX_LIBRARY = "libc++";
				CLANG_ENABLE_MODULES = YES;
				CLANG_ENABLE_OBJC_ARC = YES;
				CLANG_ENABLE_OBJC_WEAK = YES;
				CLANG_WARN_BLOCK_CAPTURE_AUTORELEASING = YES;
				CLANG_WARN_BOOL_CONVERSION = YES;
				CLANG_WARN_COMMA = YES;
				CLANG_WARN_CONSTANT_CONVERSION = YES;
				CLANG_WARN_DEPRECATED_OBJC_IMPLEMENTATIONS = YES;
				CLANG_WARN_DIRECT_OBJC_ISA_USAGE = YES_ERROR;
				CLANG_WARN_DOCUMENTATION_COMMENTS = YES;
				CLANG_WARN_EMPTY_BODY = YES;
				CLANG_WARN_ENUM_CONVERSION = YES;
				CLANG_WARN_INFINITE_RECURSION = YES;
				CLANG_WARN_INT_CONVERSION = YES;
				CLANG_WARN_NON_LITERAL_NULL_CONVERSION = YES;
				CLANG_WARN_OBJC_IMPLICIT_RETAIN_SELF = YES;
				CLANG_WARN_OBJC_LITERAL_CONVERSION = YES;
				CLANG_WARN_OBJC_ROOT_CLASS = YES_ERROR;
				CLANG_WARN_RANGE_LOOP_ANALYSIS = YES;
				CLANG_WARN_STRICT_PROTOTYPES = YES;
				CLANG_WARN_SUSPICIOUS_MOVE = YES;
				CLANG_WARN_UNGUARDED_AVAILABILITY = YES_AGGRESSIVE;
				CLANG_WARN_UNREACHABLE_CODE = YES;
				CLANG_WARN__DUPLICATE_METHOD_MATCH = YES;
				CODE_SIGN_IDENTITY = "Mac Developer";
				COPY_PHASE_STRIP = NO;
				DEBUG_INFORMATION_FORMAT = "dwarf-with-dsym";
				ENABLE_NS_ASSERTIONS = NO;
				ENABLE_STRICT_OBJC_MSGSEND = YES;
				GCC_C_LANGUAGE_STANDARD = gnu11;
				GCC_NO_COMMON_BLOCKS = YES;
				GCC_WARN_64_TO_32_BIT_CONVERSION = YES;
				GCC_WARN_ABOUT_RETURN_TYPE = YES_ERROR;
				GCC_WARN_UNDECLARED_SELECTOR = YES;
				GCC_WARN_UNINITIALIZED_AUTOS = YES_AGGRESSIVE;
				GCC_WARN_UNUSED_FUNCTION = YES;
				GCC_WARN_UNUSED_VARIABLE = YES;
				MACOSX_DEPLOYMENT_TARGET = 10.12;
				MTL_ENABLE_DEBUG_INFO = NO;
				MTL_FAST_MATH = YES;
				SDKROOT = macosx;
				SWIFT_COMPILATION_MODE = wholemodule;
				SWIFT_OPTIMIZATION_LEVEL = "-O";
			};
			name = Release;
		};
		EF2DCD8D21E07A8600502848 /* Debug */ = {
			isa = XCBuildConfiguration;
			buildSettings = {
				ASSETCATALOG_COMPILER_APPICON_NAME = AppIcon;
				CLANG_ENABLE_MODULES = YES;
				CODE_SIGN_STYLE = Automatic;
				COMBINE_HIDPI_IMAGES = YES;
				CURRENT_PROJECT_VERSION = 14;
				DEVELOPMENT_TEAM = K465DYH4Z2;
				INFOPLIST_FILE = GoVPN/Info.plist;
				LD_RUNPATH_SEARCH_PATHS = (
					"$(inherited)",
					"@executable_path/../Frameworks",
				);
				MACOSX_DEPLOYMENT_TARGET = 10.12;
				MARKETING_VERSION = 1.5;
				PRODUCT_BUNDLE_IDENTIFIER = com.colharris.GoVPN;
				PRODUCT_NAME = "$(TARGET_NAME)";
				SWIFT_OBJC_BRIDGING_HEADER = "GoVPN-Bridging-Header.h";
				SWIFT_OPTIMIZATION_LEVEL = "-Onone";
				SWIFT_VERSION = 4.2;
			};
			name = Debug;
		};
		EF2DCD8E21E07A8600502848 /* Release */ = {
			isa = XCBuildConfiguration;
			buildSettings = {
				ASSETCATALOG_COMPILER_APPICON_NAME = AppIcon;
				CLANG_ENABLE_MODULES = YES;
				CODE_SIGN_STYLE = Automatic;
				COMBINE_HIDPI_IMAGES = YES;
				CURRENT_PROJECT_VERSION = 14;
				DEVELOPMENT_TEAM = K465DYH4Z2;
				INFOPLIST_FILE = GoVPN/Info.plist;
				LD_RUNPATH_SEARCH_PATHS = (
					"$(inherited)",
					"@executable_path/../Frameworks",
				);
				MACOSX_DEPLOYMENT_TARGET = 10.12;
				MARKETING_VERSION = 1.5;
				PRODUCT_BUNDLE_IDENTIFIER = com.colharris.GoVPN;
				PRODUCT_NAME = "$(TARGET_NAME)";
				SWIFT_OBJC_BRIDGING_HEADER = "GoVPN-Bridging-Header.h";
				SWIFT_VERSION = 4.2;
			};
			name = Release;
		};
		EF2DCD9021E07A8600502848 /* Debug */ = {
			isa = XCBuildConfiguration;
			buildSettings = {
				ALWAYS_EMBED_SWIFT_STANDARD_LIBRARIES = YES;
				BUNDLE_LOADER = "$(TEST_HOST)";
				CODE_SIGN_STYLE = Automatic;
				COMBINE_HIDPI_IMAGES = YES;
				DEVELOPMENT_TEAM = 9269KSNZG8;
				INFOPLIST_FILE = GoVPNTests/Info.plist;
				LD_RUNPATH_SEARCH_PATHS = (
					"$(inherited)",
					"@executable_path/../Frameworks",
					"@loader_path/../Frameworks",
				);
				PRODUCT_BUNDLE_IDENTIFIER = com.colharris.GoVPNTests;
				PRODUCT_NAME = "$(TARGET_NAME)";
				SWIFT_VERSION = 4.2;
				TEST_HOST = "$(BUILT_PRODUCTS_DIR)/GoVPN.app/Contents/MacOS/GoVPN";
			};
			name = Debug;
		};
		EF2DCD9121E07A8600502848 /* Release */ = {
			isa = XCBuildConfiguration;
			buildSettings = {
				ALWAYS_EMBED_SWIFT_STANDARD_LIBRARIES = YES;
				BUNDLE_LOADER = "$(TEST_HOST)";
				CODE_SIGN_STYLE = Automatic;
				COMBINE_HIDPI_IMAGES = YES;
				DEVELOPMENT_TEAM = 9269KSNZG8;
				INFOPLIST_FILE = GoVPNTests/Info.plist;
				LD_RUNPATH_SEARCH_PATHS = (
					"$(inherited)",
					"@executable_path/../Frameworks",
					"@loader_path/../Frameworks",
				);
				PRODUCT_BUNDLE_IDENTIFIER = com.colharris.GoVPNTests;
				PRODUCT_NAME = "$(TARGET_NAME)";
				SWIFT_VERSION = 4.2;
				TEST_HOST = "$(BUILT_PRODUCTS_DIR)/GoVPN.app/Contents/MacOS/GoVPN";
			};
			name = Release;
		};
		EF2DCD9321E07A8600502848 /* Debug */ = {
			isa = XCBuildConfiguration;
			buildSettings = {
				ALWAYS_EMBED_SWIFT_STANDARD_LIBRARIES = YES;
				CODE_SIGN_STYLE = Automatic;
				COMBINE_HIDPI_IMAGES = YES;
				DEVELOPMENT_TEAM = 9269KSNZG8;
				INFOPLIST_FILE = GoVPNUITests/Info.plist;
				LD_RUNPATH_SEARCH_PATHS = (
					"$(inherited)",
					"@executable_path/../Frameworks",
					"@loader_path/../Frameworks",
				);
				PRODUCT_BUNDLE_IDENTIFIER = com.colharris.GoVPNUITests;
				PRODUCT_NAME = "$(TARGET_NAME)";
				SWIFT_VERSION = 4.2;
				TEST_TARGET_NAME = GoVPN;
			};
			name = Debug;
		};
		EF2DCD9421E07A8600502848 /* Release */ = {
			isa = XCBuildConfiguration;
			buildSettings = {
				ALWAYS_EMBED_SWIFT_STANDARD_LIBRARIES = YES;
				CODE_SIGN_STYLE = Automatic;
				COMBINE_HIDPI_IMAGES = YES;
				DEVELOPMENT_TEAM = 9269KSNZG8;
				INFOPLIST_FILE = GoVPNUITests/Info.plist;
				LD_RUNPATH_SEARCH_PATHS = (
					"$(inherited)",
					"@executable_path/../Frameworks",
					"@loader_path/../Frameworks",
				);
				PRODUCT_BUNDLE_IDENTIFIER = com.colharris.GoVPNUITests;
				PRODUCT_NAME = "$(TARGET_NAME)";
				SWIFT_VERSION = 4.2;
				TEST_TARGET_NAME = GoVPN;
			};
			name = Release;
		};
/* End XCBuildConfiguration section */

/* Begin XCConfigurationList section */
		EF2DCD6121E07A8500502848 /* Build configuration list for PBXProject "GoVPN" */ = {
			isa = XCConfigurationList;
			buildConfigurations = (
				EF2DCD8A21E07A8600502848 /* Debug */,
				EF2DCD8B21E07A8600502848 /* Release */,
			);
			defaultConfigurationIsVisible = 0;
			defaultConfigurationName = Release;
		};
		EF2DCD8C21E07A8600502848 /* Build configuration list for PBXNativeTarget "GoVPN" */ = {
			isa = XCConfigurationList;
			buildConfigurations = (
				EF2DCD8D21E07A8600502848 /* Debug */,
				EF2DCD8E21E07A8600502848 /* Release */,
			);
			defaultConfigurationIsVisible = 0;
			defaultConfigurationName = Release;
		};
		EF2DCD8F21E07A8600502848 /* Build configuration list for PBXNativeTarget "GoVPNTests" */ = {
			isa = XCConfigurationList;
			buildConfigurations = (
				EF2DCD9021E07A8600502848 /* Debug */,
				EF2DCD9121E07A8600502848 /* Release */,
			);
			defaultConfigurationIsVisible = 0;
			defaultConfigurationName = Release;
		};
		EF2DCD9221E07A8600502848 /* Build configuration list for PBXNativeTarget "GoVPNUITests" */ = {
			isa = XCConfigurationList;
			buildConfigurations = (
				EF2DCD9321E07A8600502848 /* Debug */,
				EF2DCD9421E07A8600502848 /* Release */,
			);
			defaultConfigurationIsVisible = 0;
			defaultConfigurationName = Release;
		};
/* End XCConfigurationList section */
	};
	rootObject = EF2DCD5E21E07A8500502848 /* Project object */;
}
